{
  "nodes": {
    "flake-compat": {
      "locked": {
        "lastModified": 1696426674,
        "narHash": "sha256-kvjfFW7WAETZlt09AgDn1MrtKzP7t90Vf7vypd3OL1U=",
        "owner": "edolstra",
        "repo": "flake-compat",
        "rev": "0f9255e01c2351cc7d116c072cb317785dd33b33",
        "type": "github"
      },
      "original": {
        "owner": "edolstra",
        "repo": "flake-compat",
        "type": "github"
      }
    },
    "flake-parts": {
      "inputs": {
        "nixpkgs-lib": "nixpkgs-lib"
      },
      "locked": {
        "lastModified": 1727826117,
        "narHash": "sha256-K5ZLCyfO/Zj9mPFldf3iwS6oZStJcU4tSpiXTMYaaL0=",
        "owner": "hercules-ci",
        "repo": "flake-parts",
        "rev": "3d04084d54bedc3d6b8b736c70ef449225c361b1",
        "type": "github"
      },
      "original": {
        "owner": "hercules-ci",
        "repo": "flake-parts",
        "type": "github"
      }
    },
    "nixpkgs": {
      "locked": {
        "lastModified": 1728279793,
        "narHash": "sha256-W3D5YpNrUVTFPVU4jiEiboaaUDShaiH5fRl9aJLqUnU=",
        "owner": "nixos",
        "repo": "nixpkgs",
        "rev": "f85a2d005e83542784a755ca8da112f4f65c4aa4",
        "type": "github"
      },
      "original": {
        "owner": "nixos",
        "ref": "nixpkgs-unstable",
        "repo": "nixpkgs",
        "type": "github"
      }
    },
    "nixpkgs-lib": {
      "locked": {
        "lastModified": 1727825735,
        "narHash": "sha256-0xHYkMkeLVQAMa7gvkddbPqpxph+hDzdu1XdGPJR+Os=",
        "type": "tarball",
        "url": "https://github.com/NixOS/nixpkgs/archive/fb192fec7cc7a4c26d51779e9bab07ce6fa5597a.tar.gz"
      },
      "original": {
        "type": "tarball",
        "url": "https://github.com/NixOS/nixpkgs/archive/fb192fec7cc7a4c26d51779e9bab07ce6fa5597a.tar.gz"
      }
    },
    "nixpkgs_2": {
      "locked": {
        "lastModified": 1726871744,
        "narHash": "sha256-V5LpfdHyQkUF7RfOaDPrZDP+oqz88lTJrMT1+stXNwo=",
        "owner": "nixos",
        "repo": "nixpkgs",
        "rev": "a1d92660c6b3b7c26fb883500a80ea9d33321be2",
        "type": "github"
      },
      "original": {
        "owner": "nixos",
        "ref": "nixpkgs-unstable",
        "repo": "nixpkgs",
        "type": "github"
      }
    },
    "root": {
      "inputs": {
        "flake-compat": "flake-compat",
        "flake-parts": "flake-parts",
        "nixpkgs": "nixpkgs",
        "treefmt-nix": "treefmt-nix"
      }
    },
    "treefmt-nix": {
      "inputs": {
        "nixpkgs": "nixpkgs_2"
      },
      "locked": {
        "lastModified": 1727984844,
        "narHash": "sha256-xpRqITAoD8rHlXQafYZOLvUXCF6cnZkPfoq67ThN0Hc=",
        "owner": "numtide",
        "repo": "treefmt-nix",
        "rev": "4446c7a6fc0775df028c5a3f6727945ba8400e64",
        "type": "github"
      },
      "original": {
        "owner": "numtide",
        "repo": "treefmt-nix",
        "type": "github"
      }
    }
  },
  "root": "root",
  "version": 7
}
